{
  "name": "FunLifeApp",
  "lockfileVersion": 3,
  "requires": true,
  "packages": {
    "": {
      "devDependencies": {
        "@types/webpack-env": "^1.18.4"
      }
    },
    "node_modules/@types/webpack-env": {
      "version": "1.18.4",
      "resolved": "https://registry.npmjs.org/@types/webpack-env/-/webpack-env-1.18.4.tgz",
      "integrity": "sha512-I6e+9+HtWADAWeeJWDFQtdk4EVSAbj6Rtz4q8fJ7mSr1M0jzlFcs8/HZ+Xb5SHzVm1dxH7aUiI+A8kA8Gcrm0A==",
      "dev": true
    }
  }
}
